hash: 73a3c791c54235083301ce64dfe944d372dc76b351aafa43c7e9e69c2cfff884
updated: 2017-11-21T16:45:58.39301475+01:00
imports:
- name: github.com/alexcesaro/statsd
  version: 7fea3f0d2fab1ad973e641e51dba45443a311a90
- name: github.com/ant0ine/go-json-rest
  version: ebb33769ae013bd5f518a8bac348c310dea768b8
  subpackages:
  - rest
  - rest/trie
- name: github.com/asaskevich/govalidator
  version: f682aee18e37332521b3c3ef4cba9ddb9b516b09
- name: github.com/aws/aws-sdk-go
  version: 292c25cd22ee1c13841c14bec2472b272c533da0
  subpackages:
  - aws
  - aws/awserr
  - aws/awsutil
  - aws/client
  - aws/client/metadata
  - aws/corehandlers
  - aws/credentials
  - aws/credentials/ec2rolecreds
  - aws/credentials/endpointcreds
  - aws/credentials/stscreds
  - aws/defaults
  - aws/ec2metadata
  - aws/endpoints
  - aws/request
  - aws/session
  - aws/signer/v4
  - internal/shareddefaults
  - private/protocol
  - private/protocol/json/jsonutil
  - private/protocol/jsonrpc
  - private/protocol/query
  - private/protocol/query/queryutil
  - private/protocol/rest
  - private/protocol/xml/xmlutil
  - service/dynamodb
  - service/dynamodb/dynamodbattribute
  - service/dynamodb/dynamodbiface
  - service/sts
- name: github.com/blevesearch/bleve
  version: 6eea5b78da004393b1d06b8c88d1bed9ca0a94b2
  subpackages:
  - analysis
  - analysis/analyzer/custom
  - analysis/analyzer/standard
  - analysis/char/regexp
  - analysis/datetime/flexible
  - analysis/datetime/optional
  - analysis/lang/en
  - analysis/token/lowercase
  - analysis/token/porter
  - analysis/token/stop
  - analysis/tokenizer/single
  - analysis/tokenizer/unicode
  - document
  - geo
  - index
  - index/store
  - index/store/boltdb
  - index/store/gtreap
  - index/upsidedown
  - mapping
  - numeric
  - registry
  - search
  - search/collector
  - search/facet
  - search/highlight
  - search/highlight/format/html
  - search/highlight/fragmenter/simple
  - search/highlight/highlighter/html
  - search/highlight/highlighter/simple
  - search/query
  - search/scorer
  - search/searcher
- name: github.com/blevesearch/go-porterstemmer
  version: 23a2c8e5cf1f380f27722c6d2ae8896431dc7d0e
  repo: https://github.com/blevesearch/go-porterstemmer
- name: github.com/blevesearch/segment
  version: db70c57796cc8c310613541dfade3dce627d09c7
  repo: https://github.com/blevesearch/segment
- name: github.com/boltdb/bolt
  version: 144418e1475d8bf7abbdc48583500f1a20c62ea7
  repo: https://github.com/boltdb/bolt
- name: github.com/cenkalti/backoff
  version: 309aa717adbf351e92864cbedf9cca0b769a4b5a
- name: github.com/docker/go-units
  version: 0dadbb0345b35ec7ef35e228dabb8de89a65bf52
- name: github.com/dustin/go-humanize
  version: bb3d318650d48840a39aa21a027c6630e198e626
- name: github.com/fatih/structs
  version: f5faa72e73092639913f5833b75e1ac1d6bc7a63
- name: github.com/ghetzel/diecast
  version: c94d3dd3e9e061f0822ddb81e50c80644387a701
- name: github.com/ghetzel/go-stockutil
  version: 0e709a49693a20b05863161d187b33c6b71d12e5
  subpackages:
  - httputil
  - maputil
  - pathutil
  - sliceutil
  - stringutil
  - typeutil
- name: github.com/ghetzel/pivot
  version: 08a2a28716bd08f75a9aaf8d0064fe66b20f7c88
  subpackages:
  - backends
  - dal
  - filter
  - filter/generators
  - mapper
  - util
- name: github.com/ghodss/yaml
  version: 0ca9ea5df5451ffdf184b4428c902747c2c11cd7
- name: github.com/go-ini/ini
  version: 32e4c1e6bc4e7d0d8451aa6b75200d19e37a536a
- name: github.com/go-openapi/analysis
  version: 8ed83f2ea9f00f945516462951a288eaa68bf0d6
- name: github.com/go-openapi/errors
  version: 03cfca65330da08a5a440053faf994a3c682b5bf
- name: github.com/go-openapi/jsonpointer
  version: 779f45308c19820f1a69e9a4cd965f496e0da10f
- name: github.com/go-openapi/jsonreference
  version: 36d33bfe519efae5632669801b180bf1a245da3b
- name: github.com/go-openapi/loads
  version: c3e1ca4c0b6160cac10aeef7e8b425cc95b9c820
- name: github.com/go-openapi/runtime
  version: 4ab0c2c86df53f4f138421a6b88d53dd9fd30254
  subpackages:
  - flagext
  - logger
  - middleware
  - middleware/denco
  - middleware/header
  - middleware/untyped
  - security
- name: github.com/go-openapi/spec
  version: a4fa9574c7aa73b2fc54e251eb9524d0482bb592
- name: github.com/go-openapi/strfmt
  version: 610b6cacdcde6852f4de68998bd20ce1dac85b22
- name: github.com/go-openapi/swag
  version: cf0bdb963811675a4d7e74901cefc7411a1df939
- name: github.com/go-openapi/validate
  version: d509235108fcf6ab4913d2dcb3a2260c0db2108e
- name: github.com/go-sql-driver/mysql
  version: cd4cb909ce1a31435164be29bf3682031f61539a
- name: github.com/golang/protobuf
  version: 655cdfa588ea190e901bc5590e65d5621688847c
  repo: https://github.com/golang/protobuf
  subpackages:
  - proto
- name: github.com/guregu/dynamo
  version: 78f36f7876767b1899b4bac7381d109fe5a58539
  subpackages:
  - internal/exprs
- name: github.com/hashicorp/golang-lru
  version: 0a025b7e63adc15a622f29b0b2c4c3848243bbf6
  subpackages:
  - simplelru
- name: github.com/HouzuoGuo/tiedot
  version: d8ed33f754dce99dd4db8a01be593f8aa4f6bd91
  subpackages:
  - data
  - db
  - dberr
  - gommap
  - tdlog
- name: github.com/husobee/vestigo
  version: f8f5b5dc2bd74408887fd4b462055e324c4cbd63
- name: github.com/jbenet/go-base58
  version: 6237cf65f3a6f7111cd8a42be3590df99a66bc7d
- name: github.com/jessevdk/go-flags
  version: f88afde2fa19a30cf50ba4b05b3d13bc6bae3079
- name: github.com/jinzhu/configor
  version: 6ecfe629230f24c2e92c7894c6ab21b83b757a39
- name: github.com/jinzhu/gorm
  version: 0a51f6cdc55d1650d9ed3b4c13026cfa9133b01e
  subpackages:
  - dialects/mysql
  - dialects/postgres
  - dialects/sqlite
- name: github.com/jinzhu/inflection
  version: 1c35d901db3da928c72a72d8458480cc9ade058f
- name: github.com/jmespath/go-jmespath
  version: dd801d4f4ce7ac746e7e7b4489d2fa600b3b096b
- name: github.com/julienschmidt/httprouter
  version: 975b5c4c7c21c0e3d2764200bf2aa8e34657ae6e
- name: github.com/lib/pq
  version: 8c6ee72f3e6bcb1542298dd5f76cb74af9742cec
  subpackages:
  - hstore
  - oid
- name: github.com/mailru/easyjson
  version: 32fa128f234d041f196a9f3e0fea5ac9772c08e1
  subpackages:
  - buffer
  - jlexer
  - jwriter
- name: github.com/mattn/go-sqlite3
  version: c41df79ec0fe2cb5886b24dc9a203bf7021873bb
- name: github.com/microcosm-cc/bluemonday
  version: 68fecaef60268522d2ac3f0123cec9d3bcab7b6e
- name: github.com/mitchellh/mapstructure
  version: 06020f85339e21b2478f756a78e295255ffa4d6a
- name: github.com/montanaflynn/stats
  version: 72625ec1691e40181ac5282a7f2ca4745952a7a7
- name: github.com/op/go-logging
  version: 970db520ece77730c7e4724c61121037378659d9
- name: github.com/orcaman/concurrent-map
  version: d4c23bd0e01134806215ffe65ba3fd22ec6721f7
- name: github.com/PuerkitoBio/purell
  version: 1c4bec281e4bbc75b4f4a1bd923bdf1bd989a969
- name: github.com/PuerkitoBio/urlesc
  version: de5bf2ad457846296e2031421a34e2568e304e35
- name: github.com/russross/blackfriday
  version: 6d1ef893fcb01b4f50cb6e57ed7df3e2e627b6b2
- name: github.com/satori/go.uuid
  version: 5bf94b69c6b68ee1b541973bb8e1144db23a194b
- name: github.com/spaolacci/murmur3
  version: 9f5d223c60793748f04a9d5b4b4eacddfc1f755d
- name: github.com/steveyen/gtreap
  version: 0abe01ef9be25c4aedc174758ec2d917314d6d70
  repo: https://github.com/steveyen/gtreap
- name: github.com/tylerb/graceful
  version: d72b0151351a13d0421b763b88f791469c4f5dc7
- name: github.com/urfave/negroni
  version: 5dbbc83f748fc3ad38585842b0aedab546d0ea1e
- name: golang.org/x/net
  version: e45385e9b226f570b1f086bf287b25d3d4117776
  subpackages:
  - context
  - html
  - html/atom
  - idna
- name: golang.org/x/sys
  version: 7a6e5648d140666db5d920909e082ca00a87ba2c
  subpackages:
  - unix
- name: golang.org/x/text
  version: 5ee49cfe751141f8017047bab800d1f528ee3be1
  repo: https://go.googlesource.com/text
  subpackages:
  - transform
  - unicode/norm
  - width
- name: google.golang.org/appengine
  version: 9d8544a6b2c7df9cff240fcf92d7b2f59bc13416
  subpackages:
  - cloudsql
- name: gopkg.in/mgo.v2
  version: 3f83fa5005286a7fe593b055f0d7771a7dce4655
  subpackages:
  - bson
  - internal/json
- name: gopkg.in/yaml.v2
  version: a3f3340b5840cee44f372bddb5880fcbc419b46a
testImports: []
